
Microsoft Visual Studio Solution File, Format Version 11.00
# Visual Studio 2010
Project("{FAE04EC0-301F-11D3-BF4B-00C04F79EFBC}") = "wireduino", "wireduino.csproj", "{97040595-97A4-430F-94DA-AC1F2C34EACD}"
EndProject
Global
	GlobalSection(SolutionConfigurationPlatforms) = preSolution
		Debug|x86 = Debug|x86
		Release|x86 = Release|x86
	EndGlobalSection
	GlobalSection(ProjectConfigurationPlatforms) = postSolution
		{97040595-97A4-430F-94DA-AC1F2C34EACD}.Debug|x86.ActiveCfg = Debug|x86
		{97040595-97A4-430F-94DA-AC1F2C34EACD}.Debug|x86.Build.0 = Debug|x86
		{97040595-97A4-430F-94DA-AC1F2C34EACD}.Release|x86.ActiveCfg = Release|x86
		{97040595-97A4-430F-94DA-AC1F2C34EACD}.Release|x86.Build.0 = Release|x86
	EndGlobalSection
EndGlobal
